// !$*UTF8*$!
{
	archiveVersion = 1;
	classes = {
	};
	objectVersion = 48;
	objects = {

/* Begin PBXBuildFile section */
		C2BF727324AD033F00BBB707 /* AppDelegate.swift in Sources */ = {isa = PBXBuildFile; fileRef = C2BF727224AD033F00BBB707 /* AppDelegate.swift */; };
		C2BF727524AD033F00BBB707 /* DetailedViewController.swift in Sources */ = {isa = PBXBuildFile; fileRef = C2BF727424AD033F00BBB707 /* DetailedViewController.swift */; };
		C2BF727824AD033F00BBB707 /* Main.storyboard in Resources */ = {isa = PBXBuildFile; fileRef = C2BF727624AD033F00BBB707 /* Main.storyboard */; };
		C2BF727A24AD033F00BBB707 /* Assets.xcassets in Resources */ = {isa = PBXBuildFile; fileRef = C2BF727924AD033F00BBB707 /* Assets.xcassets */; };
		C2BF727D24AD033F00BBB707 /* LaunchScreen.storyboard in Resources */ = {isa = PBXBuildFile; fileRef = C2BF727B24AD033F00BBB707 /* LaunchScreen.storyboard */; };
		C2BF728524AD632F00BBB707 /* Contact.swift in Sources */ = {isa = PBXBuildFile; fileRef = C2BF728424AD632F00BBB707 /* Contact.swift */; };
		C2BF728724AD678400BBB707 /* ContactDB.swift in Sources */ = {isa = PBXBuildFile; fileRef = C2BF728624AD678400BBB707 /* ContactDB.swift */; };
		C2BF728924ADA9CE00BBB707 /* TableViewController.swift in Sources */ = {isa = PBXBuildFile; fileRef = C2BF728824ADA9CE00BBB707 /* TableViewController.swift */; };
/* End PBXBuildFile section */

/* Begin PBXFileReference section */
		C2BF726F24AD033F00BBB707 /* Rapin001P4.app */ = {isa = PBXFileReference; explicitFileType = wrapper.application; includeInIndex = 0; path = Rapin001P4.app; sourceTree = BUILT_PRODUCTS_DIR; };
		C2BF727224AD033F00BBB707 /* AppDelegate.swift */ = {isa = PBXFileReference; lastKnownFileType = sourcecode.swift; path = AppDelegate.swift; sourceTree = "<group>"; };
		C2BF727424AD033F00BBB707 /* DetailedViewController.swift */ = {isa = PBXFileReference; lastKnownFileType = sourcecode.swift; path = DetailedViewController.swift; sourceTree = "<group>"; };
		C2BF727724AD033F00BBB707 /* Base */ = {isa = PBXFileReference; lastKnownFileType = file.storyboard; name = Base; path = Base.lproj/Main.storyboard; sourceTree = "<group>"; };
		C2BF727924AD033F00BBB707 /* Assets.xcassets */ = {isa = PBXFileReference; lastKnownFileType = folder.assetcatalog; path = Assets.xcassets; sourceTree = "<group>"; };
		C2BF727C24AD033F00BBB707 /* Base */ = {isa = PBXFileReference; lastKnownFileType = file.storyboard; name = Base; path = Base.lproj/LaunchScreen.storyboard; sourceTree = "<group>"; };
		C2BF727E24AD033F00BBB707 /* Info.plist */ = {isa = PBXFileReference; lastKnownFileType = text.plist.xml; path = Info.plist; sourceTree = "<group>"; };
		C2BF728424AD632F00BBB707 /* Contact.swift */ = {isa = PBXFileReference; lastKnownFileType = sourcecode.swift; path = Contact.swift; sourceTree = "<group>"; };
		C2BF728624AD678400BBB707 /* ContactDB.swift */ = {isa = PBXFileReference; lastKnownFileType = sourcecode.swift; path = ContactDB.swift; sourceTree = "<group>"; };
		C2BF728824ADA9CE00BBB707 /* TableViewController.swift */ = {isa = PBXFileReference; lastKnownFileType = sourcecode.swift; path = TableViewController.swift; sourceTree = "<group>"; };
/* End PBXFileReference section */

/* Begin PBXFrameworksBuildPhase section */
		C2BF726C24AD033F00BBB707 /* Frameworks */ = {
			isa = PBXFrameworksBuildPhase;
			buildActionMask = 2147483647;
			files = (
			);
			runOnlyForDeploymentPostprocessing = 0;
		};
/* End PBXFrameworksBuildPhase section */

/* Begin PBXGroup section */
		C2BF726624AD033F00BBB707 = {
			isa = PBXGroup;
			children = (
				C2BF727124AD033F00BBB707 /* Rapin001P4 */,
				C2BF727024AD033F00BBB707 /* Products */,
			);
			sourceTree = "<group>";
		};
		C2BF727024AD033F00BBB707 /* Products */ = {
			isa = PBXGroup;
			children = (
				C2BF726F24AD033F00BBB707 /* Rapin001P4.app */,
			);
			name = Products;
			sourceTree = "<group>";
		};
		C2BF727124AD033F00BBB707 /* Rapin001P4 */ = {
			isa = PBXGroup;
			children = (
				C2BF727224AD033F00BBB707 /* AppDelegate.swift */,
				C2BF727424AD033F00BBB707 /* DetailedViewController.swift */,
				C2BF727624AD033F00BBB707 /* Main.storyboard */,
				C2BF728824ADA9CE00BBB707 /* TableViewController.swift */,
				C2BF728424AD632F00BBB707 /* Contact.swift */,
				C2BF728624AD678400BBB707 /* ContactDB.swift */,
				C2BF727924AD033F00BBB707 /* Assets.xcassets */,
				C2BF727B24AD033F00BBB707 /* LaunchScreen.storyboard */,
				C2BF727E24AD033F00BBB707 /* Info.plist */,
			);
			path = Rapin001P4;
			sourceTree = "<group>";
		};
/* End PBXGroup section */

/* Begin PBXNativeTarget section */
		C2BF726E24AD033F00BBB707 /* Rapin001P4 */ = {
			isa = PBXNativeTarget;
			buildConfigurationList = C2BF728124AD033F00BBB707 /* Build configuration list for PBXNativeTarget "Rapin001P4" */;
			buildPhases = (
				C2BF726B24AD033F00BBB707 /* Sources */,
				C2BF726C24AD033F00BBB707 /* Frameworks */,
				C2BF726D24AD033F00BBB707 /* Resources */,
			);
			buildRules = (
			);
			dependencies = (
			);
			name = Rapin001P4;
			productName = Rapin001P4;
			productReference = C2BF726F24AD033F00BBB707 /* Rapin001P4.app */;
			productType = "com.apple.product-type.application";
		};
/* End PBXNativeTarget section */

/* Begin PBXProject section */
		C2BF726724AD033F00BBB707 /* Project object */ = {
			isa = PBXProject;
			attributes = {
				LastSwiftUpdateCheck = 0920;
				LastUpgradeCheck = 0920;
				ORGANIZATIONNAME = "Rolans Apinis";
				TargetAttributes = {
					C2BF726E24AD033F00BBB707 = {
						CreatedOnToolsVersion = 9.2;
						ProvisioningStyle = Automatic;
					};
				};
			};
			buildConfigurationList = C2BF726A24AD033F00BBB707 /* Build configuration list for PBXProject "Rapin001P4" */;
			compatibilityVersion = "Xcode 8.0";
			developmentRegion = en;
			hasScannedForEncodings = 0;
			knownRegions = (
				en,
				Base,
			);
			mainGroup = C2BF726624AD033F00BBB707;
			productRefGroup = C2BF727024AD033F00BBB707 /* Products */;
			projectDirPath = "";
			projectRoot = "";
			targets = (
				C2BF726E24AD033F00BBB707 /* Rapin001P4 */,
			);
		};
/* End PBXProject section */

/* Begin PBXResourcesBuildPhase section */
		C2BF726D24AD033F00BBB707 /* Resources */ = {
			isa = PBXResourcesBuildPhase;
			buildActionMask = 2147483647;
			files = (
				C2BF727D24AD033F00BBB707 /* LaunchScreen.storyboard in Resources */,
				C2BF727A24AD033F00BBB707 /* Assets.xcassets in Resources */,
				C2BF727824AD033F00BBB707 /* Main.storyboard in Resources */,
			);
			runOnlyForDeploymentPostprocessing = 0;
		};
/* End PBXResourcesBuildPhase section */

/* Begin PBXSourcesBuildPhase section */
		C2BF726B24AD033F00BBB707 /* Sources */ = {
			isa = PBXSourcesBuildPhase;
			buildActionMask = 2147483647;
			files = (
				C2BF728724AD678400BBB707 /* ContactDB.swift in Sources */,
				C2BF728524AD632F00BBB707 /* Contact.swift in Sources */,
				C2BF727524AD033F00BBB707 /* DetailedViewController.swift in Sources */,
				C2BF728924ADA9CE00BBB707 /* TableViewController.swift in Sources */,
				C2BF727324AD033F00BBB707 /* AppDelegate.swift in Sources */,
			);
			runOnlyForDeploymentPostprocessing = 0;
		};
/* End PBXSourcesBuildPhase section */

/* Begin PBXVariantGroup section */
		C2BF727624AD033F00BBB707 /* Main.storyboard */ = {
			isa = PBXVariantGroup;
			children = (
				C2BF727724AD033F00BBB707 /* Base */,
			);
			name = Main.storyboard;
			sourceTree = "<group>";
		};
		C2BF727B24AD033F00BBB707 /* LaunchScreen.storyboard */ = {
			isa = PBXVariantGroup;
			children = (
				C2BF727C24AD033F00BBB707 /* Base */,
			);
			name = LaunchScreen.storyboard;
			sourceTree = "<group>";
		};
/* End PBXVariantGroup section */

/* Begin XCBuildConfiguration section */
		C2BF727F24AD033F00BBB707 /* Debug */ = {
			isa = XCBuildConfiguration;
			buildSettings = {
				ALWAYS_SEARCH_USER_PATHS = NO;
				CLANG_ANALYZER_NONNULL = YES;
				CLANG_ANALYZER_NUMBER_OBJECT_CONVERSION = YES_AGGRESSIVE;
				CLANG_CXX_LANGUAGE_STANDARD = "gnu++14";
				CLANG_CXX_LIBRARY = "libc++";
				CLANG_ENABLE_MODULES = YES;
				CLANG_ENABLE_OBJC_ARC = YES;
				CLANG_WARN_BLOCK_CAPTURE_AUTORELEASING = YES;
				CLANG_WARN_BOOL_CONVERSION = YES;
				CLANG_WARN_COMMA = YES;
				CLANG_WARN_CONSTANT_CONVERSION = YES;
				CLANG_WARN_DIRECT_OBJC_ISA_USAGE = YES_ERROR;
				CLANG_WARN_DOCUMENTATION_COMMENTS = YES;
				CLANG_WARN_EMPTY_BODY = YES;
				CLANG_WARN_ENUM_CONVERSION = YES;
				CLANG_WARN_INFINITE_RECURSION = YES;
				CLANG_WARN_INT_CONVERSION = YES;
				CLANG_WARN_NON_LITERAL_NULL_CONVERSION = YES;
				CLANG_WARN_OBJC_LITERAL_CONVERSION = YES;
				CLANG_WARN_OBJC_ROOT_CLASS = YES_ERROR;
				CLANG_WARN_RANGE_LOOP_ANALYSIS = YES;
				CLANG_WARN_STRICT_PROTOTYPES = YES;
				CLANG_WARN_SUSPICIOUS_MOVE = YES;
				CLANG_WARN_UNGUARDED_AVAILABILITY = YES_AGGRESSIVE;
				CLANG_WARN_UNREACHABLE_CODE = YES;
				CLANG_WARN__DUPLICATE_METHOD_MATCH = YES;
				CODE_SIGN_IDENTITY = "iPhone Developer";
				COPY_PHASE_STRIP = NO;
				DEBUG_INFORMATION_FORMAT = dwarf;
				ENABLE_STRICT_OBJC_MSGSEND = YES;
				ENABLE_TESTABILITY = YES;
				GCC_C_LANGUAGE_STANDARD = gnu11;
				GCC_DYNAMIC_NO_PIC = NO;
				GCC_NO_COMMON_BLOCKS = YES;
				GCC_OPTIMIZATION_LEVEL = 0;
				GCC_PREPROCESSOR_DEFINITIONS = (
					"DEBUG=1",
					"$(inherited)",
				);
				GCC_WARN_64_TO_32_BIT_CONVERSION = YES;
				GCC_WARN_ABOUT_RETURN_TYPE = YES_ERROR;
				GCC_WARN_UNDECLARED_SELECTOR = YES;
				GCC_WARN_UNINITIALIZED_AUTOS = YES_AGGRESSIVE;
				GCC_WARN_UNUSED_FUNCTION = YES;
				GCC_WARN_UNUSED_VARIABLE = YES;
				IPHONEOS_DEPLOYMENT_TARGET = 11.2;
				MTL_ENABLE_DEBUG_INFO = YES;
				ONLY_ACTIVE_ARCH = YES;
				SDKROOT = iphoneos;
				SWIFT_ACTIVE_COMPILATION_CONDITIONS = DEBUG;
				SWIFT_OPTIMIZATION_LEVEL = "-Onone";
			};
			name = Debug;
		};
		C2BF728024AD033F00BBB707 /* Release */ = {
			isa = XCBuildConfiguration;
			buildSettings = {
				ALWAYS_SEARCH_USER_PATHS = NO;
				CLANG_ANALYZER_NONNULL = YES;
				CLANG_ANALYZER_NUMBER_OBJECT_CONVERSION = YES_AGGRESSIVE;
				CLANG_CXX_LANGUAGE_STANDARD = "gnu++14";
				CLANG_CXX_LIBRARY = "libc++";
				CLANG_ENABLE_MODULES = YES;
				CLANG_ENABLE_OBJC_ARC = YES;
				CLANG_WARN_BLOCK_CAPTURE_AUTORELEASING = YES;
				CLANG_WARN_BOOL_CONVERSION = YES;
				CLANG_WARN_COMMA = YES;
				CLANG_WARN_CONSTANT_CONVERSION = YES;
				CLANG_WARN_DIRECT_OBJC_ISA_USAGE = YES_ERROR;
				CLANG_WARN_DOCUMENTATION_COMMENTS = YES;
				CLANG_WARN_EMPTY_BODY = YES;
				CLANG_WARN_ENUM_CONVERSION = YES;
				CLANG_WARN_INFINITE_RECURSION = YES;
				CLANG_WARN_INT_CONVERSION = YES;
				CLANG_WARN_NON_LITERAL_NULL_CONVERSION = YES;
				CLANG_WARN_OBJC_LITERAL_CONVERSION = YES;
				CLANG_WARN_OBJC_ROOT_CLASS = YES_ERROR;
				CLANG_WARN_RANGE_LOOP_ANALYSIS = YES;
				CLANG_WARN_STRICT_PROTOTYPES = YES;
				CLANG_WARN_SUSPICIOUS_MOVE = YES;
				CLANG_WARN_UNGUARDED_AVAILABILITY = YES_AGGRESSIVE;
				CLANG_WARN_UNREACHABLE_CODE = YES;
				CLANG_WARN__DUPLICATE_METHOD_MATCH = YES;
				CODE_SIGN_IDENTITY = "iPhone Developer";
				COPY_PHASE_STRIP = NO;
				DEBUG_INFORMATION_FORMAT = "dwarf-with-dsym";
				ENABLE_NS_ASSERTIONS = NO;
				ENABLE_STRICT_OBJC_MSGSEND = YES;
				GCC_C_LANGUAGE_STANDARD = gnu11;
				GCC_NO_COMMON_BLOCKS = YES;
				GCC_WARN_64_TO_32_BIT_CONVERSION = YES;
				GCC_WARN_ABOUT_RETURN_TYPE = YES_ERROR;
				GCC_WARN_UNDECLARED_SELECTOR = YES;
				GCC_WARN_UNINITIALIZED_AUTOS = YES_AGGRESSIVE;
				GCC_WARN_UNUSED_FUNCTION = YES;
				GCC_WARN_UNUSED_VARIABLE = YES;
				IPHONEOS_DEPLOYMENT_TARGET = 11.2;
				MTL_ENABLE_DEBUG_INFO = NO;
				SDKROOT = iphoneos;
				SWIFT_OPTIMIZATION_LEVEL = "-Owholemodule";
				VALIDATE_PRODUCT = YES;
			};
			name = Release;
		};
		C2BF728224AD033F00BBB707 /* Debug */ = {
			isa = XCBuildConfiguration;
			buildSettings = {
				ASSETCATALOG_COMPILER_APPICON_NAME = AppIcon;
				CODE_SIGN_STYLE = Automatic;
				DEVELOPMENT_TEAM = GK27WT7LPF;
				INFOPLIST_FILE = Rapin001P4/Info.plist;
				LD_RUNPATH_SEARCH_PATHS = "$(inherited) @executable_path/Frameworks";
				PRODUCT_BUNDLE_IDENTIFIER = "n-a.Rapin001P4";
				PRODUCT_NAME = "$(TARGET_NAME)";
				SWIFT_VERSION = 4.0;
				TARGETED_DEVICE_FAMILY = "1,2";
			};
			name = Debug;
		};
		C2BF728324AD033F00BBB707 /* Release */ = {
			isa = XCBuildConfiguration;
			buildSettings = {
				ASSETCATALOG_COMPILER_APPICON_NAME = AppIcon;
				CODE_SIGN_STYLE = Automatic;
				DEVELOPMENT_TEAM = GK27WT7LPF;
				INFOPLIST_FILE = Rapin001P4/Info.plist;
				LD_RUNPATH_SEARCH_PATHS = "$(inherited) @executable_path/Frameworks";
				PRODUCT_BUNDLE_IDENTIFIER = "n-a.Rapin001P4";
				PRODUCT_NAME = "$(TARGET_NAME)";
				SWIFT_VERSION = 4.0;
				TARGETED_DEVICE_FAMILY = "1,2";
			};
			name = Release;
		};
/* End XCBuildConfiguration section */

/* Begin XCConfigurationList section */
		C2BF726A24AD033F00BBB707 /* Build configuration list for PBXProject "Rapin001P4" */ = {
			isa = XCConfigurationList;
			buildConfigurations = (
				C2BF727F24AD033F00BBB707 /* Debug */,
				C2BF728024AD033F00BBB707 /* Release */,
			);
			defaultConfigurationIsVisible = 0;
			defaultConfigurationName = Release;
		};
		C2BF728124AD033F00BBB707 /* Build configuration list for PBXNativeTarget "Rapin001P4" */ = {
			isa = XCConfigurationList;
			buildConfigurations = (
				C2BF728224AD033F00BBB707 /* Debug */,
				C2BF728324AD033F00BBB707 /* Release */,
			);
			defaultConfigurationIsVisible = 0;
			defaultConfigurationName = Release;
		};
/* End XCConfigurationList section */
	};
	rootObject = C2BF726724AD033F00BBB707 /* Project object */;
}
